// !$*UTF8*$!
{
	archiveVersion = 1;
	classes = {
	};
	objectVersion = 77;
	objects = {

/* Begin PBXBuildFile section */
		A10000000000000000000001 /* App.swift in Sources */ = {isa = PBXBuildFile; fileRef = A10000000000000000000002 /* App.swift */; };
		A10000000000000000000013 /* Assets.xcassets in Resources */ = {isa = PBXBuildFile; fileRef = A10000000000000000000012 /* Assets.xcassets */; };
/* End PBXBuildFile section */

/* Begin PBXFileReference section */
		A10000000000000000000003 /* Lumen.app */ = {isa = PBXFileReference; explicitFileType = wrapper.application; includeInIndex = 0; path = Lumen.app; sourceTree = BUILT_PRODUCTS_DIR; };
		A10000000000000000000002 /* App.swift */ = {isa = PBXFileReference; lastKnownFileType = sourcecode.swift; path = LumenWallpapers/App.swift; sourceTree = "<group>"; };
		A10000000000000000000012 /* Assets.xcassets */ = {isa = PBXFileReference; lastKnownFileType = folder.assetcatalog; path = Assets.xcassets; sourceTree = SOURCE_ROOT; };
/* End PBXFileReference section */

/* Begin PBXFrameworksBuildPhase section */
		A10000000000000000000004 /* Frameworks */ = {isa = PBXFrameworksBuildPhase; buildActionMask = 2147483647; files = (); runOnlyForDeploymentPostprocessing = 0; };
/* End PBXFrameworksBuildPhase section */

/* Begin PBXGroup section */
		A10000000000000000000005 = {isa = PBXGroup; children = (A10000000000000000000006, A10000000000000000000007, A10000000000000000000012); sourceTree = "<group>"; };
		A10000000000000000000006 /* Sources */ = {isa = PBXGroup; children = (A10000000000000000000002); name = Sources; path = Sources; sourceTree = "<group>"; };
		A10000000000000000000007 /* Products */ = {isa = PBXGroup; children = (A10000000000000000000003); name = Products; sourceTree = "<group>"; };
/* End PBXGroup section */

/* Begin PBXNativeTarget section */
		A10000000000000000000008 /* LumenWallpapers */ = {isa = PBXNativeTarget; buildConfigurationList = A10000000000000000000009 /* Build configuration list for PBXNativeTarget "LumenWallpapers" */; buildPhases = (A1000000000000000000000A, A10000000000000000000004, A1000000000000000000000B); buildRules = (); dependencies = (); name = LumenWallpapers; productName = Lumen; productReference = A10000000000000000000003; productType = "com.apple.product-type.application"; };
/* End PBXNativeTarget section */

/* Begin PBXProject section */
		A1000000000000000000000C /* Project object */ = {isa = PBXProject; attributes = { LastUpgradeCheck = 2660; TargetAttributes = { A10000000000000000000008 = { CreatedOnToolsVersion = 26.6; }; }; }; buildConfigurationList = A1000000000000000000000D /* Build configuration list for PBXProject "LumenWallpapers" */; compatibilityVersion = "Xcode 16.0"; developmentRegion = en; hasScannedForEncodings = 0; knownRegions = (en, Base); mainGroup = A10000000000000000000005; productRefGroup = A10000000000000000000007; projectDirPath = ""; projectRoot = ""; targets = (A10000000000000000000008); };
/* End PBXProject section */

/* Begin PBXResourcesBuildPhase section */
		A1000000000000000000000B /* Resources */ = {isa = PBXResourcesBuildPhase; buildActionMask = 2147483647; files = (A10000000000000000000013); runOnlyForDeploymentPostprocessing = 0; };
/* End PBXResourcesBuildPhase section */

/* Begin PBXSourcesBuildPhase section */
		A1000000000000000000000A /* Sources */ = {isa = PBXSourcesBuildPhase; buildActionMask = 2147483647; files = (A10000000000000000000001); runOnlyForDeploymentPostprocessing = 0; };
/* End PBXSourcesBuildPhase section */

/* Begin XCBuildConfiguration section */
		A1000000000000000000000E /* Debug */ = {isa = XCBuildConfiguration; buildSettings = { ALWAYS_SEARCH_USER_PATHS = NO; CLANG_ENABLE_MODULES = YES; CODE_SIGN_STYLE = Automatic; CURRENT_PROJECT_VERSION = 1; DEVELOPMENT_TEAM = ""; GENERATE_INFOPLIST_FILE = YES; INFOPLIST_KEY_CFBundleDisplayName = Lumen; INFOPLIST_KEY_LSApplicationCategoryType = "public.app-category.utilities"; INFOPLIST_KEY_NSHumanReadableCopyright = "Copyright 2026 Lumen contributors"; MACOSX_DEPLOYMENT_TARGET = 14.0; MARKETING_VERSION = 1.0.3; PRODUCT_BUNDLE_IDENTIFIER = com.lumen.wallpapers; PRODUCT_NAME = Lumen; SWIFT_VERSION = 6.0; }; name = Debug; };
		A1000000000000000000000F /* Release */ = {isa = XCBuildConfiguration; buildSettings = { ALWAYS_SEARCH_USER_PATHS = NO; CLANG_ENABLE_MODULES = YES; CODE_SIGN_STYLE = Automatic; CURRENT_PROJECT_VERSION = 1; DEVELOPMENT_TEAM = ""; GENERATE_INFOPLIST_FILE = YES; INFOPLIST_KEY_CFBundleDisplayName = Lumen; INFOPLIST_KEY_LSApplicationCategoryType = "public.app-category.utilities"; INFOPLIST_KEY_NSHumanReadableCopyright = "Copyright 2026 Lumen contributors"; MACOSX_DEPLOYMENT_TARGET = 14.0; MARKETING_VERSION = 1.0.3; PRODUCT_BUNDLE_IDENTIFIER = com.lumen.wallpapers; PRODUCT_NAME = Lumen; SWIFT_VERSION = 6.0; }; name = Release; };
		A10000000000000000000010 /* Debug */ = {isa = XCBuildConfiguration; buildSettings = { ASSETCATALOG_COMPILER_APPICON_NAME = AppIcon; CODE_SIGN_STYLE = Automatic; CURRENT_PROJECT_VERSION = 1; GENERATE_INFOPLIST_FILE = YES; INFOPLIST_KEY_CFBundleDisplayName = Lumen; INFOPLIST_KEY_LSApplicationCategoryType = "public.app-category.utilities"; INFOPLIST_KEY_NSHumanReadableCopyright = "Copyright 2026 Lumen contributors"; MACOSX_DEPLOYMENT_TARGET = 14.0; MARKETING_VERSION = 1.0.3; PRODUCT_BUNDLE_IDENTIFIER = com.lumen.wallpapers; PRODUCT_NAME = Lumen; SWIFT_EMIT_LOC_STRINGS = YES; SWIFT_VERSION = 6.0; }; name = Debug; };
		A10000000000000000000011 /* Release */ = {isa = XCBuildConfiguration; buildSettings = { ASSETCATALOG_COMPILER_APPICON_NAME = AppIcon; CODE_SIGN_STYLE = Automatic; CURRENT_PROJECT_VERSION = 1; ENABLE_HARDENED_RUNTIME = YES; GENERATE_INFOPLIST_FILE = YES; INFOPLIST_KEY_CFBundleDisplayName = Lumen; INFOPLIST_KEY_LSApplicationCategoryType = "public.app-category.utilities"; INFOPLIST_KEY_NSHumanReadableCopyright = "Copyright 2026 Lumen contributors"; MACOSX_DEPLOYMENT_TARGET = 14.0; MARKETING_VERSION = 1.0.3; PRODUCT_BUNDLE_IDENTIFIER = com.lumen.wallpapers; PRODUCT_NAME = Lumen; SWIFT_EMIT_LOC_STRINGS = YES; SWIFT_VERSION = 6.0; }; name = Release; };
/* End XCBuildConfiguration section */

/* Begin XCConfigurationList section */
		A10000000000000000000009 /* Build configuration list for PBXNativeTarget "LumenWallpapers" */ = {isa = XCConfigurationList; buildConfigurations = (A10000000000000000000010, A10000000000000000000011); defaultConfigurationIsVisible = 0; defaultConfigurationName = Release; };
		A1000000000000000000000D /* Build configuration list for PBXProject "LumenWallpapers" */ = {isa = XCConfigurationList; buildConfigurations = (A1000000000000000000000E, A1000000000000000000000F); defaultConfigurationIsVisible = 0; defaultConfigurationName = Release; };
/* End XCConfigurationList section */
	};
	rootObject = A1000000000000000000000C /* Project object */;
}
